// !$*UTF8*$!
{
	archiveVersion = 1;
	classes = {
	};
	objectVersion = 55;
	objects = {

/* Begin PBXBuildFile section */
		4C217E7F279D09730051C5BF /* FindUniqueElement.swift in Sources */ = {isa = PBXBuildFile; fileRef = 4C217E7E279D09730051C5BF /* FindUniqueElement.swift */; };
		4C2AE91328A935AA0063976A /* CountingSort.swift in Sources */ = {isa = PBXBuildFile; fileRef = 4C2AE91228A935AA0063976A /* CountingSort.swift */; };
		4C30CC8528A1C82E007DDE8E /* FindSmallerNumbers.swift in Sources */ = {isa = PBXBuildFile; fileRef = 4C30CC8428A1C82E007DDE8E /* FindSmallerNumbers.swift */; };
		4C30CC8728A1D39F007DDE8E /* OrderArrayString.swift in Sources */ = {isa = PBXBuildFile; fileRef = 4C30CC8628A1D39F007DDE8E /* OrderArrayString.swift */; };
		4C30CC8928A1D535007DDE8E /* MissingNumbers.swift in Sources */ = {isa = PBXBuildFile; fileRef = 4C30CC8828A1D535007DDE8E /* MissingNumbers.swift */; };
		4C33C256290ED8C400BA7FD7 /* TwoSumIndex.swift in Sources */ = {isa = PBXBuildFile; fileRef = 4C33C255290ED8C400BA7FD7 /* TwoSumIndex.swift */; };
		4C33C258290EEBC600BA7FD7 /* PalindromeNumber.swift in Sources */ = {isa = PBXBuildFile; fileRef = 4C33C257290EEBC600BA7FD7 /* PalindromeNumber.swift */; };
		4C33C25A290EF01600BA7FD7 /* LongestCommonPrefix.swift in Sources */ = {isa = PBXBuildFile; fileRef = 4C33C259290EF01600BA7FD7 /* LongestCommonPrefix.swift */; };
		4C480B0628A66DBB00A6DA3B /* TraverseBinaryTree.swift in Sources */ = {isa = PBXBuildFile; fileRef = 4C480B0528A66DBB00A6DA3B /* TraverseBinaryTree.swift */; };
		4C52388728A731A400A95E05 /* FunctionMap.swift in Sources */ = {isa = PBXBuildFile; fileRef = 4C52388628A731A400A95E05 /* FunctionMap.swift */; };
		4C530DFF28A0D9D100E0B4D3 /* NumberCount.swift in Sources */ = {isa = PBXBuildFile; fileRef = 4C530DFE28A0D9D100E0B4D3 /* NumberCount.swift */; };
		4C5F3C6928A8160600FAE4BD /* FunctionMin.swift in Sources */ = {isa = PBXBuildFile; fileRef = 4C5F3C6828A8160600FAE4BD /* FunctionMin.swift */; };
		4C7F2039279C944D008B4241 /* AppDelegate.swift in Sources */ = {isa = PBXBuildFile; fileRef = 4C7F2038279C944D008B4241 /* AppDelegate.swift */; };
		4C7F203B279C944D008B4241 /* SceneDelegate.swift in Sources */ = {isa = PBXBuildFile; fileRef = 4C7F203A279C944D008B4241 /* SceneDelegate.swift */; };
		4C7F203D279C944D008B4241 /* ViewController.swift in Sources */ = {isa = PBXBuildFile; fileRef = 4C7F203C279C944D008B4241 /* ViewController.swift */; };
		4C7F2040279C944D008B4241 /* Main.storyboard in Resources */ = {isa = PBXBuildFile; fileRef = 4C7F203E279C944D008B4241 /* Main.storyboard */; };
		4C7F2042279C9450008B4241 /* Assets.xcassets in Resources */ = {isa = PBXBuildFile; fileRef = 4C7F2041279C9450008B4241 /* Assets.xcassets */; };
		4C7F2045279C9450008B4241 /* LaunchScreen.storyboard in Resources */ = {isa = PBXBuildFile; fileRef = 4C7F2043279C9450008B4241 /* LaunchScreen.storyboard */; };
		4C7F204E279C9489008B4241 /* FindTheMedian.swift in Sources */ = {isa = PBXBuildFile; fileRef = 4C7F204D279C9489008B4241 /* FindTheMedian.swift */; };
		4C84211728A20A9200AF1B81 /* CalculateTheMedian.swift in Sources */ = {isa = PBXBuildFile; fileRef = 4C84211628A20A9200AF1B81 /* CalculateTheMedian.swift */; };
		4C84211928A275DF00AF1B81 /* IndexOf.swift in Sources */ = {isa = PBXBuildFile; fileRef = 4C84211828A275DF00AF1B81 /* IndexOf.swift */; };
		4C8488A0290E205700CDDB0D /* FindZigZagSequence.swift in Sources */ = {isa = PBXBuildFile; fileRef = 4C84889F290E205700CDDB0D /* FindZigZagSequence.swift */; };
		4C8488A2290E2D6200CDDB0D /* RomanToInteger.swift in Sources */ = {isa = PBXBuildFile; fileRef = 4C8488A1290E2D6200CDDB0D /* RomanToInteger.swift */; };
		4C986915279DABC2003A15BA /* DiagonalDifference.swift in Sources */ = {isa = PBXBuildFile; fileRef = 4C986914279DABC2003A15BA /* DiagonalDifference.swift */; };
		4C98C8A828AAA7CA00493CF0 /* FindSecondPlusBig.swift in Sources */ = {isa = PBXBuildFile; fileRef = 4C98C8A728AAA7CA00493CF0 /* FindSecondPlusBig.swift */; };
		4CD21E0428A36BAB00BA152E /* LinkedList.swift in Sources */ = {isa = PBXBuildFile; fileRef = 4CD21E0328A36BAA00BA152E /* LinkedList.swift */; };
		4CFA7DD228A4486B0022E6A8 /* LinkedListCenter.swift in Sources */ = {isa = PBXBuildFile; fileRef = 4CFA7DD128A4486B0022E6A8 /* LinkedListCenter.swift */; };
/* End PBXBuildFile section */

/* Begin PBXFileReference section */
		4C217E7E279D09730051C5BF /* FindUniqueElement.swift */ = {isa = PBXFileReference; lastKnownFileType = sourcecode.swift; path = FindUniqueElement.swift; sourceTree = "<group>"; };
		4C2AE91228A935AA0063976A /* CountingSort.swift */ = {isa = PBXFileReference; lastKnownFileType = sourcecode.swift; path = CountingSort.swift; sourceTree = "<group>"; };
		4C30CC8428A1C82E007DDE8E /* FindSmallerNumbers.swift */ = {isa = PBXFileReference; lastKnownFileType = sourcecode.swift; path = FindSmallerNumbers.swift; sourceTree = "<group>"; };
		4C30CC8628A1D39F007DDE8E /* OrderArrayString.swift */ = {isa = PBXFileReference; lastKnownFileType = sourcecode.swift; path = OrderArrayString.swift; sourceTree = "<group>"; };
		4C30CC8828A1D535007DDE8E /* MissingNumbers.swift */ = {isa = PBXFileReference; lastKnownFileType = sourcecode.swift; path = MissingNumbers.swift; sourceTree = "<group>"; };
		4C33C255290ED8C400BA7FD7 /* TwoSumIndex.swift */ = {isa = PBXFileReference; lastKnownFileType = sourcecode.swift; path = TwoSumIndex.swift; sourceTree = "<group>"; };
		4C33C257290EEBC600BA7FD7 /* PalindromeNumber.swift */ = {isa = PBXFileReference; lastKnownFileType = sourcecode.swift; path = PalindromeNumber.swift; sourceTree = "<group>"; };
		4C33C259290EF01600BA7FD7 /* LongestCommonPrefix.swift */ = {isa = PBXFileReference; lastKnownFileType = sourcecode.swift; path = LongestCommonPrefix.swift; sourceTree = "<group>"; };
		4C480B0528A66DBB00A6DA3B /* TraverseBinaryTree.swift */ = {isa = PBXFileReference; lastKnownFileType = sourcecode.swift; path = TraverseBinaryTree.swift; sourceTree = "<group>"; };
		4C52388628A731A400A95E05 /* FunctionMap.swift */ = {isa = PBXFileReference; lastKnownFileType = sourcecode.swift; path = FunctionMap.swift; sourceTree = "<group>"; };
		4C530DFE28A0D9D100E0B4D3 /* NumberCount.swift */ = {isa = PBXFileReference; lastKnownFileType = sourcecode.swift; path = NumberCount.swift; sourceTree = "<group>"; };
		4C5F3C6828A8160600FAE4BD /* FunctionMin.swift */ = {isa = PBXFileReference; lastKnownFileType = sourcecode.swift; path = FunctionMin.swift; sourceTree = "<group>"; };
		4C7F2035279C944D008B4241 /* HackerRank.app */ = {isa = PBXFileReference; explicitFileType = wrapper.application; includeInIndex = 0; path = HackerRank.app; sourceTree = BUILT_PRODUCTS_DIR; };
		4C7F2038279C944D008B4241 /* AppDelegate.swift */ = {isa = PBXFileReference; lastKnownFileType = sourcecode.swift; path = AppDelegate.swift; sourceTree = "<group>"; };
		4C7F203A279C944D008B4241 /* SceneDelegate.swift */ = {isa = PBXFileReference; lastKnownFileType = sourcecode.swift; path = SceneDelegate.swift; sourceTree = "<group>"; };
		4C7F203C279C944D008B4241 /* ViewController.swift */ = {isa = PBXFileReference; lastKnownFileType = sourcecode.swift; path = ViewController.swift; sourceTree = "<group>"; };
		4C7F203F279C944D008B4241 /* Base */ = {isa = PBXFileReference; lastKnownFileType = file.storyboard; name = Base; path = Base.lproj/Main.storyboard; sourceTree = "<group>"; };
		4C7F2041279C9450008B4241 /* Assets.xcassets */ = {isa = PBXFileReference; lastKnownFileType = folder.assetcatalog; path = Assets.xcassets; sourceTree = "<group>"; };
		4C7F2044279C9450008B4241 /* Base */ = {isa = PBXFileReference; lastKnownFileType = file.storyboard; name = Base; path = Base.lproj/LaunchScreen.storyboard; sourceTree = "<group>"; };
		4C7F2046279C9450008B4241 /* Info.plist */ = {isa = PBXFileReference; lastKnownFileType = text.plist.xml; path = Info.plist; sourceTree = "<group>"; };
		4C7F204D279C9489008B4241 /* FindTheMedian.swift */ = {isa = PBXFileReference; lastKnownFileType = sourcecode.swift; path = FindTheMedian.swift; sourceTree = "<group>"; };
		4C84211628A20A9200AF1B81 /* CalculateTheMedian.swift */ = {isa = PBXFileReference; lastKnownFileType = sourcecode.swift; path = CalculateTheMedian.swift; sourceTree = "<group>"; };
		4C84211828A275DF00AF1B81 /* IndexOf.swift */ = {isa = PBXFileReference; lastKnownFileType = sourcecode.swift; path = IndexOf.swift; sourceTree = "<group>"; };
		4C84889F290E205700CDDB0D /* FindZigZagSequence.swift */ = {isa = PBXFileReference; lastKnownFileType = sourcecode.swift; path = FindZigZagSequence.swift; sourceTree = "<group>"; };
		4C8488A1290E2D6200CDDB0D /* RomanToInteger.swift */ = {isa = PBXFileReference; lastKnownFileType = sourcecode.swift; path = RomanToInteger.swift; sourceTree = "<group>"; };
		4C986914279DABC2003A15BA /* DiagonalDifference.swift */ = {isa = PBXFileReference; lastKnownFileType = sourcecode.swift; path = DiagonalDifference.swift; sourceTree = "<group>"; };
		4C98C8A728AAA7CA00493CF0 /* FindSecondPlusBig.swift */ = {isa = PBXFileReference; lastKnownFileType = sourcecode.swift; path = FindSecondPlusBig.swift; sourceTree = "<group>"; };
		4CD21E0328A36BAA00BA152E /* LinkedList.swift */ = {isa = PBXFileReference; lastKnownFileType = sourcecode.swift; path = LinkedList.swift; sourceTree = "<group>"; };
		4CFA7DD128A4486B0022E6A8 /* LinkedListCenter.swift */ = {isa = PBXFileReference; lastKnownFileType = sourcecode.swift; path = LinkedListCenter.swift; sourceTree = "<group>"; };
/* End PBXFileReference section */

/* Begin PBXFrameworksBuildPhase section */
		4C7F2032279C944D008B4241 /* Frameworks */ = {
			isa = PBXFrameworksBuildPhase;
			buildActionMask = 2147483647;
			files = (
			);
			runOnlyForDeploymentPostprocessing = 0;
		};
/* End PBXFrameworksBuildPhase section */

/* Begin PBXGroup section */
		4C7F202C279C944D008B4241 = {
			isa = PBXGroup;
			children = (
				4C7F2037279C944D008B4241 /* HackerRank */,
				4C7F2036279C944D008B4241 /* Products */,
			);
			sourceTree = "<group>";
		};
		4C7F2036279C944D008B4241 /* Products */ = {
			isa = PBXGroup;
			children = (
				4C7F2035279C944D008B4241 /* HackerRank.app */,
			);
			name = Products;
			sourceTree = "<group>";
		};
		4C7F2037279C944D008B4241 /* HackerRank */ = {
			isa = PBXGroup;
			children = (
				4C7F204C279C9456008B4241 /* UseCase */,
				4C7F2038279C944D008B4241 /* AppDelegate.swift */,
				4C7F203A279C944D008B4241 /* SceneDelegate.swift */,
				4C7F203C279C944D008B4241 /* ViewController.swift */,
				4C7F203E279C944D008B4241 /* Main.storyboard */,
				4C7F2041279C9450008B4241 /* Assets.xcassets */,
				4C7F2043279C9450008B4241 /* LaunchScreen.storyboard */,
				4C7F2046279C9450008B4241 /* Info.plist */,
			);
			path = HackerRank;
			sourceTree = "<group>";
		};
		4C7F204C279C9456008B4241 /* UseCase */ = {
			isa = PBXGroup;
			children = (
				4C7F204D279C9489008B4241 /* FindTheMedian.swift */,
				4C217E7E279D09730051C5BF /* FindUniqueElement.swift */,
				4C986914279DABC2003A15BA /* DiagonalDifference.swift */,
				4C530DFE28A0D9D100E0B4D3 /* NumberCount.swift */,
				4C30CC8428A1C82E007DDE8E /* FindSmallerNumbers.swift */,
				4C30CC8628A1D39F007DDE8E /* OrderArrayString.swift */,
				4C30CC8828A1D535007DDE8E /* MissingNumbers.swift */,
				4C84211628A20A9200AF1B81 /* CalculateTheMedian.swift */,
				4C84211828A275DF00AF1B81 /* IndexOf.swift */,
				4CD21E0328A36BAA00BA152E /* LinkedList.swift */,
				4CFA7DD128A4486B0022E6A8 /* LinkedListCenter.swift */,
				4C480B0528A66DBB00A6DA3B /* TraverseBinaryTree.swift */,
				4C52388628A731A400A95E05 /* FunctionMap.swift */,
				4C5F3C6828A8160600FAE4BD /* FunctionMin.swift */,
				4C2AE91228A935AA0063976A /* CountingSort.swift */,
				4C98C8A728AAA7CA00493CF0 /* FindSecondPlusBig.swift */,
				4C84889F290E205700CDDB0D /* FindZigZagSequence.swift */,
				4C8488A1290E2D6200CDDB0D /* RomanToInteger.swift */,
				4C33C255290ED8C400BA7FD7 /* TwoSumIndex.swift */,
				4C33C257290EEBC600BA7FD7 /* PalindromeNumber.swift */,
				4C33C259290EF01600BA7FD7 /* LongestCommonPrefix.swift */,
			);
			path = UseCase;
			sourceTree = "<group>";
		};
/* End PBXGroup section */

/* Begin PBXNativeTarget section */
		4C7F2034279C944D008B4241 /* HackerRank */ = {
			isa = PBXNativeTarget;
			buildConfigurationList = 4C7F2049279C9450008B4241 /* Build configuration list for PBXNativeTarget "HackerRank" */;
			buildPhases = (
				4C7F2031279C944D008B4241 /* Sources */,
				4C7F2032279C944D008B4241 /* Frameworks */,
				4C7F2033279C944D008B4241 /* Resources */,
			);
			buildRules = (
			);
			dependencies = (
			);
			name = HackerRank;
			productName = HackerRank;
			productReference = 4C7F2035279C944D008B4241 /* HackerRank.app */;
			productType = "com.apple.product-type.application";
		};
/* End PBXNativeTarget section */

/* Begin PBXProject section */
		4C7F202D279C944D008B4241 /* Project object */ = {
			isa = PBXProject;
			attributes = {
				BuildIndependentTargetsInParallel = 1;
				LastSwiftUpdateCheck = 1310;
				LastUpgradeCheck = 1310;
				TargetAttributes = {
					4C7F2034279C944D008B4241 = {
						CreatedOnToolsVersion = 13.1;
					};
				};
			};
			buildConfigurationList = 4C7F2030279C944D008B4241 /* Build configuration list for PBXProject "HackerRank" */;
			compatibilityVersion = "Xcode 13.0";
			developmentRegion = en;
			hasScannedForEncodings = 0;
			knownRegions = (
				en,
				Base,
			);
			mainGroup = 4C7F202C279C944D008B4241;
			productRefGroup = 4C7F2036279C944D008B4241 /* Products */;
			projectDirPath = "";
			projectRoot = "";
			targets = (
				4C7F2034279C944D008B4241 /* HackerRank */,
			);
		};
/* End PBXProject section */

/* Begin PBXResourcesBuildPhase section */
		4C7F2033279C944D008B4241 /* Resources */ = {
			isa = PBXResourcesBuildPhase;
			buildActionMask = 2147483647;
			files = (
				4C7F2045279C9450008B4241 /* LaunchScreen.storyboard in Resources */,
				4C7F2042279C9450008B4241 /* Assets.xcassets in Resources */,
				4C7F2040279C944D008B4241 /* Main.storyboard in Resources */,
			);
			runOnlyForDeploymentPostprocessing = 0;
		};
/* End PBXResourcesBuildPhase section */

/* Begin PBXSourcesBuildPhase section */
		4C7F2031279C944D008B4241 /* Sources */ = {
			isa = PBXSourcesBuildPhase;
			buildActionMask = 2147483647;
			files = (
				4C33C256290ED8C400BA7FD7 /* TwoSumIndex.swift in Sources */,
				4C52388728A731A400A95E05 /* FunctionMap.swift in Sources */,
				4C8488A0290E205700CDDB0D /* FindZigZagSequence.swift in Sources */,
				4C30CC8528A1C82E007DDE8E /* FindSmallerNumbers.swift in Sources */,
				4CFA7DD228A4486B0022E6A8 /* LinkedListCenter.swift in Sources */,
				4C30CC8928A1D535007DDE8E /* MissingNumbers.swift in Sources */,
				4C530DFF28A0D9D100E0B4D3 /* NumberCount.swift in Sources */,
				4C33C25A290EF01600BA7FD7 /* LongestCommonPrefix.swift in Sources */,
				4C33C258290EEBC600BA7FD7 /* PalindromeNumber.swift in Sources */,
				4C30CC8728A1D39F007DDE8E /* OrderArrayString.swift in Sources */,
				4C8488A2290E2D6200CDDB0D /* RomanToInteger.swift in Sources */,
				4C5F3C6928A8160600FAE4BD /* FunctionMin.swift in Sources */,
				4C7F203D279C944D008B4241 /* ViewController.swift in Sources */,
				4C7F2039279C944D008B4241 /* AppDelegate.swift in Sources */,
				4C217E7F279D09730051C5BF /* FindUniqueElement.swift in Sources */,
				4C7F204E279C9489008B4241 /* FindTheMedian.swift in Sources */,
				4C480B0628A66DBB00A6DA3B /* TraverseBinaryTree.swift in Sources */,
				4C2AE91328A935AA0063976A /* CountingSort.swift in Sources */,
				4C84211728A20A9200AF1B81 /* CalculateTheMedian.swift in Sources */,
				4C84211928A275DF00AF1B81 /* IndexOf.swift in Sources */,
				4C7F203B279C944D008B4241 /* SceneDelegate.swift in Sources */,
				4C98C8A828AAA7CA00493CF0 /* FindSecondPlusBig.swift in Sources */,
				4CD21E0428A36BAB00BA152E /* LinkedList.swift in Sources */,
				4C986915279DABC2003A15BA /* DiagonalDifference.swift in Sources */,
			);
			runOnlyForDeploymentPostprocessing = 0;
		};
/* End PBXSourcesBuildPhase section */

/* Begin PBXVariantGroup section */
		4C7F203E279C944D008B4241 /* Main.storyboard */ = {
			isa = PBXVariantGroup;
			children = (
				4C7F203F279C944D008B4241 /* Base */,
			);
			name = Main.storyboard;
			sourceTree = "<group>";
		};
		4C7F2043279C9450008B4241 /* LaunchScreen.storyboard */ = {
			isa = PBXVariantGroup;
			children = (
				4C7F2044279C9450008B4241 /* Base */,
			);
			name = LaunchScreen.storyboard;
			sourceTree = "<group>";
		};
/* End PBXVariantGroup section */

/* Begin XCBuildConfiguration section */
		4C7F2047279C9450008B4241 /* Debug */ = {
			isa = XCBuildConfiguration;
			buildSettings = {
				ALWAYS_SEARCH_USER_PATHS = NO;
				CLANG_ANALYZER_NONNULL = YES;
				CLANG_ANALYZER_NUMBER_OBJECT_CONVERSION = YES_AGGRESSIVE;
				CLANG_CXX_LANGUAGE_STANDARD = "gnu++17";
				CLANG_CXX_LIBRARY = "libc++";
				CLANG_ENABLE_MODULES = YES;
				CLANG_ENABLE_OBJC_ARC = YES;
				CLANG_ENABLE_OBJC_WEAK = YES;
				CLANG_WARN_BLOCK_CAPTURE_AUTORELEASING = YES;
				CLANG_WARN_BOOL_CONVERSION = YES;
				CLANG_WARN_COMMA = YES;
				CLANG_WARN_CONSTANT_CONVERSION = YES;
				CLANG_WARN_DEPRECATED_OBJC_IMPLEMENTATIONS = YES;
				CLANG_WARN_DIRECT_OBJC_ISA_USAGE = YES_ERROR;
				CLANG_WARN_DOCUMENTATION_COMMENTS = YES;
				CLANG_WARN_EMPTY_BODY = YES;
				CLANG_WARN_ENUM_CONVERSION = YES;
				CLANG_WARN_INFINITE_RECURSION = YES;
				CLANG_WARN_INT_CONVERSION = YES;
				CLANG_WARN_NON_LITERAL_NULL_CONVERSION = YES;
				CLANG_WARN_OBJC_IMPLICIT_RETAIN_SELF = YES;
				CLANG_WARN_OBJC_LITERAL_CONVERSION = YES;
				CLANG_WARN_OBJC_ROOT_CLASS = YES_ERROR;
				CLANG_WARN_QUOTED_INCLUDE_IN_FRAMEWORK_HEADER = YES;
				CLANG_WARN_RANGE_LOOP_ANALYSIS = YES;
				CLANG_WARN_STRICT_PROTOTYPES = YES;
				CLANG_WARN_SUSPICIOUS_MOVE = YES;
				CLANG_WARN_UNGUARDED_AVAILABILITY = YES_AGGRESSIVE;
				CLANG_WARN_UNREACHABLE_CODE = YES;
				CLANG_WARN__DUPLICATE_METHOD_MATCH = YES;
				COPY_PHASE_STRIP = NO;
				DEBUG_INFORMATION_FORMAT = dwarf;
				ENABLE_STRICT_OBJC_MSGSEND = YES;
				ENABLE_TESTABILITY = YES;
				GCC_C_LANGUAGE_STANDARD = gnu11;
				GCC_DYNAMIC_NO_PIC = NO;
				GCC_NO_COMMON_BLOCKS = YES;
				GCC_OPTIMIZATION_LEVEL = 0;
				GCC_PREPROCESSOR_DEFINITIONS = (
					"DEBUG=1",
					"$(inherited)",
				);
				GCC_WARN_64_TO_32_BIT_CONVERSION = YES;
				GCC_WARN_ABOUT_RETURN_TYPE = YES_ERROR;
				GCC_WARN_UNDECLARED_SELECTOR = YES;
				GCC_WARN_UNINITIALIZED_AUTOS = YES_AGGRESSIVE;
				GCC_WARN_UNUSED_FUNCTION = YES;
				GCC_WARN_UNUSED_VARIABLE = YES;
				IPHONEOS_DEPLOYMENT_TARGET = 15.0;
				MTL_ENABLE_DEBUG_INFO = INCLUDE_SOURCE;
				MTL_FAST_MATH = YES;
				ONLY_ACTIVE_ARCH = YES;
				SDKROOT = iphoneos;
				SWIFT_ACTIVE_COMPILATION_CONDITIONS = DEBUG;
				SWIFT_OPTIMIZATION_LEVEL = "-Onone";
			};
			name = Debug;
		};
		4C7F2048279C9450008B4241 /* Release */ = {
			isa = XCBuildConfiguration;
			buildSettings = {
				ALWAYS_SEARCH_USER_PATHS = NO;
				CLANG_ANALYZER_NONNULL = YES;
				CLANG_ANALYZER_NUMBER_OBJECT_CONVERSION = YES_AGGRESSIVE;
				CLANG_CXX_LANGUAGE_STANDARD = "gnu++17";
				CLANG_CXX_LIBRARY = "libc++";
				CLANG_ENABLE_MODULES = YES;
				CLANG_ENABLE_OBJC_ARC = YES;
				CLANG_ENABLE_OBJC_WEAK = YES;
				CLANG_WARN_BLOCK_CAPTURE_AUTORELEASING = YES;
				CLANG_WARN_BOOL_CONVERSION = YES;
				CLANG_WARN_COMMA = YES;
				CLANG_WARN_CONSTANT_CONVERSION = YES;
				CLANG_WARN_DEPRECATED_OBJC_IMPLEMENTATIONS = YES;
				CLANG_WARN_DIRECT_OBJC_ISA_USAGE = YES_ERROR;
				CLANG_WARN_DOCUMENTATION_COMMENTS = YES;
				CLANG_WARN_EMPTY_BODY = YES;
				CLANG_WARN_ENUM_CONVERSION = YES;
				CLANG_WARN_INFINITE_RECURSION = YES;
				CLANG_WARN_INT_CONVERSION = YES;
				CLANG_WARN_NON_LITERAL_NULL_CONVERSION = YES;
				CLANG_WARN_OBJC_IMPLICIT_RETAIN_SELF = YES;
				CLANG_WARN_OBJC_LITERAL_CONVERSION = YES;
				CLANG_WARN_OBJC_ROOT_CLASS = YES_ERROR;
				CLANG_WARN_QUOTED_INCLUDE_IN_FRAMEWORK_HEADER = YES;
				CLANG_WARN_RANGE_LOOP_ANALYSIS = YES;
				CLANG_WARN_STRICT_PROTOTYPES = YES;
				CLANG_WARN_SUSPICIOUS_MOVE = YES;
				CLANG_WARN_UNGUARDED_AVAILABILITY = YES_AGGRESSIVE;
				CLANG_WARN_UNREACHABLE_CODE = YES;
				CLANG_WARN__DUPLICATE_METHOD_MATCH = YES;
				COPY_PHASE_STRIP = NO;
				DEBUG_INFORMATION_FORMAT = "dwarf-with-dsym";
				ENABLE_NS_ASSERTIONS = NO;
				ENABLE_STRICT_OBJC_MSGSEND = YES;
				GCC_C_LANGUAGE_STANDARD = gnu11;
				GCC_NO_COMMON_BLOCKS = YES;
				GCC_WARN_64_TO_32_BIT_CONVERSION = YES;
				GCC_WARN_ABOUT_RETURN_TYPE = YES_ERROR;
				GCC_WARN_UNDECLARED_SELECTOR = YES;
				GCC_WARN_UNINITIALIZED_AUTOS = YES_AGGRESSIVE;
				GCC_WARN_UNUSED_FUNCTION = YES;
				GCC_WARN_UNUSED_VARIABLE = YES;
				IPHONEOS_DEPLOYMENT_TARGET = 15.0;
				MTL_ENABLE_DEBUG_INFO = NO;
				MTL_FAST_MATH = YES;
				SDKROOT = iphoneos;
				SWIFT_COMPILATION_MODE = wholemodule;
				SWIFT_OPTIMIZATION_LEVEL = "-O";
				VALIDATE_PRODUCT = YES;
			};
			name = Release;
		};
		4C7F204A279C9450008B4241 /* Debug */ = {
			isa = XCBuildConfiguration;
			buildSettings = {
				ASSETCATALOG_COMPILER_APPICON_NAME = AppIcon;
				ASSETCATALOG_COMPILER_GLOBAL_ACCENT_COLOR_NAME = AccentColor;
				CODE_SIGN_STYLE = Automatic;
				CURRENT_PROJECT_VERSION = 1;
				DEVELOPMENT_TEAM = JGHBCD3B3C;
				GENERATE_INFOPLIST_FILE = YES;
				INFOPLIST_FILE = HackerRank/Info.plist;
				INFOPLIST_KEY_UIApplicationSupportsIndirectInputEvents = YES;
				INFOPLIST_KEY_UILaunchStoryboardName = LaunchScreen;
				INFOPLIST_KEY_UIMainStoryboardFile = Main;
				INFOPLIST_KEY_UISupportedInterfaceOrientations_iPad = "UIInterfaceOrientationPortrait UIInterfaceOrientationPortraitUpsideDown UIInterfaceOrientationLandscapeLeft UIInterfaceOrientationLandscapeRight";
				INFOPLIST_KEY_UISupportedInterfaceOrientations_iPhone = "UIInterfaceOrientationPortrait UIInterfaceOrientationLandscapeLeft UIInterfaceOrientationLandscapeRight";
				LD_RUNPATH_SEARCH_PATHS = (
					"$(inherited)",
					"@executable_path/Frameworks",
				);
				MARKETING_VERSION = 1.0;
				PRODUCT_BUNDLE_IDENTIFIER = com.miguel.otero.hackerrank.HackerRank;
				PRODUCT_NAME = "$(TARGET_NAME)";
				SWIFT_EMIT_LOC_STRINGS = YES;
				SWIFT_VERSION = 5.0;
				TARGETED_DEVICE_FAMILY = "1,2";
			};
			name = Debug;
		};
		4C7F204B279C9450008B4241 /* Release */ = {
			isa = XCBuildConfiguration;
			buildSettings = {
				ASSETCATALOG_COMPILER_APPICON_NAME = AppIcon;
				ASSETCATALOG_COMPILER_GLOBAL_ACCENT_COLOR_NAME = AccentColor;
				CODE_SIGN_STYLE = Automatic;
				CURRENT_PROJECT_VERSION = 1;
				DEVELOPMENT_TEAM = JGHBCD3B3C;
				GENERATE_INFOPLIST_FILE = YES;
				INFOPLIST_FILE = HackerRank/Info.plist;
				INFOPLIST_KEY_UIApplicationSupportsIndirectInputEvents = YES;
				INFOPLIST_KEY_UILaunchStoryboardName = LaunchScreen;
				INFOPLIST_KEY_UIMainStoryboardFile = Main;
				INFOPLIST_KEY_UISupportedInterfaceOrientations_iPad = "UIInterfaceOrientationPortrait UIInterfaceOrientationPortraitUpsideDown UIInterfaceOrientationLandscapeLeft UIInterfaceOrientationLandscapeRight";
				INFOPLIST_KEY_UISupportedInterfaceOrientations_iPhone = "UIInterfaceOrientationPortrait UIInterfaceOrientationLandscapeLeft UIInterfaceOrientationLandscapeRight";
				LD_RUNPATH_SEARCH_PATHS = (
					"$(inherited)",
					"@executable_path/Frameworks",
				);
				MARKETING_VERSION = 1.0;
				PRODUCT_BUNDLE_IDENTIFIER = com.miguel.otero.hackerrank.HackerRank;
				PRODUCT_NAME = "$(TARGET_NAME)";
				SWIFT_EMIT_LOC_STRINGS = YES;
				SWIFT_VERSION = 5.0;
				TARGETED_DEVICE_FAMILY = "1,2";
			};
			name = Release;
		};
/* End XCBuildConfiguration section */

/* Begin XCConfigurationList section */
		4C7F2030279C944D008B4241 /* Build configuration list for PBXProject "HackerRank" */ = {
			isa = XCConfigurationList;
			buildConfigurations = (
				4C7F2047279C9450008B4241 /* Debug */,
				4C7F2048279C9450008B4241 /* Release */,
			);
			defaultConfigurationIsVisible = 0;
			defaultConfigurationName = Release;
		};
		4C7F2049279C9450008B4241 /* Build configuration list for PBXNativeTarget "HackerRank" */ = {
			isa = XCConfigurationList;
			buildConfigurations = (
				4C7F204A279C9450008B4241 /* Debug */,
				4C7F204B279C9450008B4241 /* Release */,
			);
			defaultConfigurationIsVisible = 0;
			defaultConfigurationName = Release;
		};
/* End XCConfigurationList section */
	};
	rootObject = 4C7F202D279C944D008B4241 /* Project object */;
}
